// !$*UTF8*$!
{
	archiveVersion = 1;
	classes = {
	};
	objectVersion = 50;
	objects = {

/* Begin PBXBuildFile section */
		AB955D512683E4F300FD6B4E /* AppDelegate.m in Sources */ = {isa = PBXBuildFile; fileRef = AB955D502683E4F300FD6B4E /* AppDelegate.m */; };
		AB955D542683E4F300FD6B4E /* SceneDelegate.m in Sources */ = {isa = PBXBuildFile; fileRef = AB955D532683E4F300FD6B4E /* SceneDelegate.m */; };
		AB955D5C2683E4F900FD6B4E /* Assets.xcassets in Resources */ = {isa = PBXBuildFile; fileRef = AB955D5B2683E4F900FD6B4E /* Assets.xcassets */; };
		AB955D5F2683E4F900FD6B4E /* LaunchScreen.storyboard in Resources */ = {isa = PBXBuildFile; fileRef = AB955D5D2683E4F900FD6B4E /* LaunchScreen.storyboard */; };
		AB955D622683E4F900FD6B4E /* main.m in Sources */ = {isa = PBXBuildFile; fileRef = AB955D612683E4F900FD6B4E /* main.m */; };
/* End PBXBuildFile section */

/* Begin PBXFileReference section */
		AB955D4C2683E4F300FD6B4E /* TapResearchMobile.app */ = {isa = PBXFileReference; explicitFileType = wrapper.application; includeInIndex = 0; path = TapResearchMobile.app; sourceTree = BUILT_PRODUCTS_DIR; };
		AB955D4F2683E4F300FD6B4E /* AppDelegate.h */ = {isa = PBXFileReference; lastKnownFileType = sourcecode.c.h; path = AppDelegate.h; sourceTree = "<group>"; };
		AB955D502683E4F300FD6B4E /* AppDelegate.m */ = {isa = PBXFileReference; lastKnownFileType = sourcecode.c.objc; path = AppDelegate.m; sourceTree = "<group>"; };
		AB955D522683E4F300FD6B4E /* SceneDelegate.h */ = {isa = PBXFileReference; lastKnownFileType = sourcecode.c.h; path = SceneDelegate.h; sourceTree = "<group>"; };
		AB955D532683E4F300FD6B4E /* SceneDelegate.m */ = {isa = PBXFileReference; lastKnownFileType = sourcecode.c.objc; path = SceneDelegate.m; sourceTree = "<group>"; };
		AB955D5B2683E4F900FD6B4E /* Assets.xcassets */ = {isa = PBXFileReference; lastKnownFileType = folder.assetcatalog; path = Assets.xcassets; sourceTree = "<group>"; };
		AB955D5E2683E4F900FD6B4E /* Base */ = {isa = PBXFileReference; lastKnownFileType = file.storyboard; name = Base; path = Base.lproj/LaunchScreen.storyboard; sourceTree = "<group>"; };
		AB955D602683E4F900FD6B4E /* Info.plist */ = {isa = PBXFileReference; lastKnownFileType = text.plist.xml; path = Info.plist; sourceTree = "<group>"; };
		AB955D612683E4F900FD6B4E /* main.m */ = {isa = PBXFileReference; lastKnownFileType = sourcecode.c.objc; path = main.m; sourceTree = "<group>"; };
/* End PBXFileReference section */

/* Begin PBXFrameworksBuildPhase section */
		AB955D492683E4F300FD6B4E /* Frameworks */ = {
			isa = PBXFrameworksBuildPhase;
			buildActionMask = 2147483647;
			files = (
			);
			runOnlyForDeploymentPostprocessing = 0;
		};
/* End PBXFrameworksBuildPhase section */

/* Begin PBXGroup section */
		AB955D432683E4F300FD6B4E = {
			isa = PBXGroup;
			children = (
				AB955D4E2683E4F300FD6B4E /* TapResearchMobile */,
				AB955D4D2683E4F300FD6B4E /* Products */,
			);
			sourceTree = "<group>";
		};
		AB955D4D2683E4F300FD6B4E /* Products */ = {
			isa = PBXGroup;
			children = (
				AB955D4C2683E4F300FD6B4E /* TapResearchMobile.app */,
			);
			name = Products;
			sourceTree = "<group>";
		};
		AB955D4E2683E4F300FD6B4E /* TapResearchMobile */ = {
			isa = PBXGroup;
			children = (
				AB955D6B2683E53E00FD6B4E /* Resources */,
				AB955D692683E53200FD6B4E /* Classes */,
				AB955D602683E4F900FD6B4E /* Info.plist */,
			);
			path = TapResearchMobile;
			sourceTree = "<group>";
		};
		AB955D692683E53200FD6B4E /* Classes */ = {
			isa = PBXGroup;
			children = (
				AB955D702683E61500FD6B4E /* Managers */,
				AB955D6F2683E60D00FD6B4E /* Models */,
				AB955D6A2683E53B00FD6B4E /* UI */,
			);
			path = Classes;
			sourceTree = "<group>";
		};
		AB955D6A2683E53B00FD6B4E /* UI */ = {
			isa = PBXGroup;
			children = (
				AB955D5D2683E4F900FD6B4E /* LaunchScreen.storyboard */,
			);
			path = UI;
			sourceTree = "<group>";
		};
		AB955D6B2683E53E00FD6B4E /* Resources */ = {
			isa = PBXGroup;
			children = (
				AB955D4F2683E4F300FD6B4E /* AppDelegate.h */,
				AB955D502683E4F300FD6B4E /* AppDelegate.m */,
				AB955D522683E4F300FD6B4E /* SceneDelegate.h */,
				AB955D532683E4F300FD6B4E /* SceneDelegate.m */,
				AB955D612683E4F900FD6B4E /* main.m */,
				AB955D5B2683E4F900FD6B4E /* Assets.xcassets */,
			);
			path = Resources;
			sourceTree = "<group>";
		};
		AB955D6F2683E60D00FD6B4E /* Models */ = {
			isa = PBXGroup;
			children = (
			);
			path = Models;
			sourceTree = "<group>";
		};
		AB955D702683E61500FD6B4E /* Managers */ = {
			isa = PBXGroup;
			children = (
			);
			path = Managers;
			sourceTree = "<group>";
		};
/* End PBXGroup section */

/* Begin PBXNativeTarget section */
		AB955D4B2683E4F300FD6B4E /* TapResearchMobile */ = {
			isa = PBXNativeTarget;
			buildConfigurationList = AB955D652683E4F900FD6B4E /* Build configuration list for PBXNativeTarget "TapResearchMobile" */;
			buildPhases = (
				AB955D482683E4F300FD6B4E /* Sources */,
				AB955D492683E4F300FD6B4E /* Frameworks */,
				AB955D4A2683E4F300FD6B4E /* Resources */,
			);
			buildRules = (
			);
			dependencies = (
			);
			name = TapResearchMobile;
			productName = TapResearchMobile;
			productReference = AB955D4C2683E4F300FD6B4E /* TapResearchMobile.app */;
			productType = "com.apple.product-type.application";
		};
/* End PBXNativeTarget section */

/* Begin PBXProject section */
		AB955D442683E4F300FD6B4E /* Project object */ = {
			isa = PBXProject;
			attributes = {
				LastUpgradeCheck = 1240;
				TargetAttributes = {
					AB955D4B2683E4F300FD6B4E = {
						CreatedOnToolsVersion = 12.4;
					};
				};
			};
			buildConfigurationList = AB955D472683E4F300FD6B4E /* Build configuration list for PBXProject "TapResearchMobile" */;
			compatibilityVersion = "Xcode 9.3";
			developmentRegion = en;
			hasScannedForEncodings = 0;
			knownRegions = (
				en,
				Base,
			);
			mainGroup = AB955D432683E4F300FD6B4E;
			productRefGroup = AB955D4D2683E4F300FD6B4E /* Products */;
			projectDirPath = "";
			projectRoot = "";
			targets = (
				AB955D4B2683E4F300FD6B4E /* TapResearchMobile */,
			);
		};
/* End PBXProject section */

/* Begin PBXResourcesBuildPhase section */
		AB955D4A2683E4F300FD6B4E /* Resources */ = {
			isa = PBXResourcesBuildPhase;
			buildActionMask = 2147483647;
			files = (
				AB955D5F2683E4F900FD6B4E /* LaunchScreen.storyboard in Resources */,
				AB955D5C2683E4F900FD6B4E /* Assets.xcassets in Resources */,
			);
			runOnlyForDeploymentPostprocessing = 0;
		};
/* End PBXResourcesBuildPhase section */

/* Begin PBXSourcesBuildPhase section */
		AB955D482683E4F300FD6B4E /* Sources */ = {
			isa = PBXSourcesBuildPhase;
			buildActionMask = 2147483647;
			files = (
				AB955D512683E4F300FD6B4E /* AppDelegate.m in Sources */,
				AB955D622683E4F900FD6B4E /* main.m in Sources */,
				AB955D542683E4F300FD6B4E /* SceneDelegate.m in Sources */,
			);
			runOnlyForDeploymentPostprocessing = 0;
		};
/* End PBXSourcesBuildPhase section */

/* Begin PBXVariantGroup section */
		AB955D5D2683E4F900FD6B4E /* LaunchScreen.storyboard */ = {
			isa = PBXVariantGroup;
			children = (
				AB955D5E2683E4F900FD6B4E /* Base */,
			);
			name = LaunchScreen.storyboard;
			sourceTree = "<group>";
		};
/* End PBXVariantGroup section */

/* Begin XCBuildConfiguration section */
		AB955D632683E4F900FD6B4E /* Debug */ = {
			isa = XCBuildConfiguration;
			buildSettings = {
				ALWAYS_SEARCH_USER_PATHS = NO;
				CLANG_ANALYZER_NONNULL = YES;
				CLANG_ANALYZER_NUMBER_OBJECT_CONVERSION = YES_AGGRESSIVE;
				CLANG_CXX_LANGUAGE_STANDARD = "gnu++14";
				CLANG_CXX_LIBRARY = "libc++";
				CLANG_ENABLE_MODULES = YES;
				CLANG_ENABLE_OBJC_ARC = YES;
				CLANG_ENABLE_OBJC_WEAK = YES;
				CLANG_WARN_BLOCK_CAPTURE_AUTORELEASING = YES;
				CLANG_WARN_BOOL_CONVERSION = YES;
				CLANG_WARN_COMMA = YES;
				CLANG_WARN_CONSTANT_CONVERSION = YES;
				CLANG_WARN_DEPRECATED_OBJC_IMPLEMENTATIONS = YES;
				CLANG_WARN_DIRECT_OBJC_ISA_USAGE = YES_ERROR;
				CLANG_WARN_DOCUMENTATION_COMMENTS = YES;
				CLANG_WARN_EMPTY_BODY = YES;
				CLANG_WARN_ENUM_CONVERSION = YES;
				CLANG_WARN_INFINITE_RECURSION = YES;
				CLANG_WARN_INT_CONVERSION = YES;
				CLANG_WARN_NON_LITERAL_NULL_CONVERSION = YES;
				CLANG_WARN_OBJC_IMPLICIT_RETAIN_SELF = YES;
				CLANG_WARN_OBJC_LITERAL_CONVERSION = YES;
				CLANG_WARN_OBJC_ROOT_CLASS = YES_ERROR;
				CLANG_WARN_QUOTED_INCLUDE_IN_FRAMEWORK_HEADER = YES;
				CLANG_WARN_RANGE_LOOP_ANALYSIS = YES;
				CLANG_WARN_STRICT_PROTOTYPES = YES;
				CLANG_WARN_SUSPICIOUS_MOVE = YES;
				CLANG_WARN_UNGUARDED_AVAILABILITY = YES_AGGRESSIVE;
				CLANG_WARN_UNREACHABLE_CODE = YES;
				CLANG_WARN__DUPLICATE_METHOD_MATCH = YES;
				COPY_PHASE_STRIP = NO;
				DEBUG_INFORMATION_FORMAT = dwarf;
				ENABLE_STRICT_OBJC_MSGSEND = YES;
				ENABLE_TESTABILITY = YES;
				GCC_C_LANGUAGE_STANDARD = gnu11;
				GCC_DYNAMIC_NO_PIC = NO;
				GCC_NO_COMMON_BLOCKS = YES;
				GCC_OPTIMIZATION_LEVEL = 0;
				GCC_PREPROCESSOR_DEFINITIONS = (
					"DEBUG=1",
					"$(inherited)",
				);
				GCC_WARN_64_TO_32_BIT_CONVERSION = YES;
				GCC_WARN_ABOUT_RETURN_TYPE = YES_ERROR;
				GCC_WARN_UNDECLARED_SELECTOR = YES;
				GCC_WARN_UNINITIALIZED_AUTOS = YES_AGGRESSIVE;
				GCC_WARN_UNUSED_FUNCTION = YES;
				GCC_WARN_UNUSED_VARIABLE = YES;
				IPHONEOS_DEPLOYMENT_TARGET = 14.4;
				MTL_ENABLE_DEBUG_INFO = INCLUDE_SOURCE;
				MTL_FAST_MATH = YES;
				ONLY_ACTIVE_ARCH = YES;
				SDKROOT = iphoneos;
			};
			name = Debug;
		};
		AB955D642683E4F900FD6B4E /* Release */ = {
			isa = XCBuildConfiguration;
			buildSettings = {
				ALWAYS_SEARCH_USER_PATHS = NO;
				CLANG_ANALYZER_NONNULL = YES;
				CLANG_ANALYZER_NUMBER_OBJECT_CONVERSION = YES_AGGRESSIVE;
				CLANG_CXX_LANGUAGE_STANDARD = "gnu++14";
				CLANG_CXX_LIBRARY = "libc++";
				CLANG_ENABLE_MODULES = YES;
				CLANG_ENABLE_OBJC_ARC = YES;
				CLANG_ENABLE_OBJC_WEAK = YES;
				CLANG_WARN_BLOCK_CAPTURE_AUTORELEASING = YES;
				CLANG_WARN_BOOL_CONVERSION = YES;
				CLANG_WARN_COMMA = YES;
				CLANG_WARN_CONSTANT_CONVERSION = YES;
				CLANG_WARN_DEPRECATED_OBJC_IMPLEMENTATIONS = YES;
				CLANG_WARN_DIRECT_OBJC_ISA_USAGE = YES_ERROR;
				CLANG_WARN_DOCUMENTATION_COMMENTS = YES;
				CLANG_WARN_EMPTY_BODY = YES;
				CLANG_WARN_ENUM_CONVERSION = YES;
				CLANG_WARN_INFINITE_RECURSION = YES;
				CLANG_WARN_INT_CONVERSION = YES;
				CLANG_WARN_NON_LITERAL_NULL_CONVERSION = YES;
				CLANG_WARN_OBJC_IMPLICIT_RETAIN_SELF = YES;
				CLANG_WARN_OBJC_LITERAL_CONVERSION = YES;
				CLANG_WARN_OBJC_ROOT_CLASS = YES_ERROR;
				CLANG_WARN_QUOTED_INCLUDE_IN_FRAMEWORK_HEADER = YES;
				CLANG_WARN_RANGE_LOOP_ANALYSIS = YES;
				CLANG_WARN_STRICT_PROTOTYPES = YES;
				CLANG_WARN_SUSPICIOUS_MOVE = YES;
				CLANG_WARN_UNGUARDED_AVAILABILITY = YES_AGGRESSIVE;
				CLANG_WARN_UNREACHABLE_CODE = YES;
				CLANG_WARN__DUPLICATE_METHOD_MATCH = YES;
				COPY_PHASE_STRIP = NO;
				DEBUG_INFORMATION_FORMAT = "dwarf-with-dsym";
				ENABLE_NS_ASSERTIONS = NO;
				ENABLE_STRICT_OBJC_MSGSEND = YES;
				GCC_C_LANGUAGE_STANDARD = gnu11;
				GCC_NO_COMMON_BLOCKS = YES;
				GCC_WARN_64_TO_32_BIT_CONVERSION = YES;
				GCC_WARN_ABOUT_RETURN_TYPE = YES_ERROR;
				GCC_WARN_UNDECLARED_SELECTOR = YES;
				GCC_WARN_UNINITIALIZED_AUTOS = YES_AGGRESSIVE;
				GCC_WARN_UNUSED_FUNCTION = YES;
				GCC_WARN_UNUSED_VARIABLE = YES;
				IPHONEOS_DEPLOYMENT_TARGET = 14.4;
				MTL_ENABLE_DEBUG_INFO = NO;
				MTL_FAST_MATH = YES;
				SDKROOT = iphoneos;
				VALIDATE_PRODUCT = YES;
			};
			name = Release;
		};
		AB955D662683E4F900FD6B4E /* Debug */ = {
			isa = XCBuildConfiguration;
			buildSettings = {
				ASSETCATALOG_COMPILER_APPICON_NAME = AppIcon;
				ASSETCATALOG_COMPILER_GLOBAL_ACCENT_COLOR_NAME = AccentColor;
				CODE_SIGN_STYLE = Automatic;
				DEVELOPMENT_TEAM = 54GBA7H7D2;
				INFOPLIST_FILE = TapResearchMobile/Info.plist;
				LD_RUNPATH_SEARCH_PATHS = (
					"$(inherited)",
					"@executable_path/Frameworks",
				);
				PRODUCT_BUNDLE_IDENTIFIER = com.TapResearchMobile.LuisFlores.TapResearchMobile;
				PRODUCT_NAME = "$(TARGET_NAME)";
				TARGETED_DEVICE_FAMILY = "1,2";
			};
			name = Debug;
		};
		AB955D672683E4F900FD6B4E /* Release */ = {
			isa = XCBuildConfiguration;
			buildSettings = {
				ASSETCATALOG_COMPILER_APPICON_NAME = AppIcon;
				ASSETCATALOG_COMPILER_GLOBAL_ACCENT_COLOR_NAME = AccentColor;
				CODE_SIGN_STYLE = Automatic;
				DEVELOPMENT_TEAM = 54GBA7H7D2;
				INFOPLIST_FILE = TapResearchMobile/Info.plist;
				LD_RUNPATH_SEARCH_PATHS = (
					"$(inherited)",
					"@executable_path/Frameworks",
				);
				PRODUCT_BUNDLE_IDENTIFIER = com.TapResearchMobile.LuisFlores.TapResearchMobile;
				PRODUCT_NAME = "$(TARGET_NAME)";
				TARGETED_DEVICE_FAMILY = "1,2";
			};
			name = Release;
		};
/* End XCBuildConfiguration section */

/* Begin XCConfigurationList section */
		AB955D472683E4F300FD6B4E /* Build configuration list for PBXProject "TapResearchMobile" */ = {
			isa = XCConfigurationList;
			buildConfigurations = (
				AB955D632683E4F900FD6B4E /* Debug */,
				AB955D642683E4F900FD6B4E /* Release */,
			);
			defaultConfigurationIsVisible = 0;
			defaultConfigurationName = Release;
		};
		AB955D652683E4F900FD6B4E /* Build configuration list for PBXNativeTarget "TapResearchMobile" */ = {
			isa = XCConfigurationList;
			buildConfigurations = (
				AB955D662683E4F900FD6B4E /* Debug */,
				AB955D672683E4F900FD6B4E /* Release */,
			);
			defaultConfigurationIsVisible = 0;
			defaultConfigurationName = Release;
		};
/* End XCConfigurationList section */
	};
	rootObject = AB955D442683E4F300FD6B4E /* Project object */;
}
